
Microsoft Visual Studio Solution File, Format Version 12.00
# Visual Studio Version 17
VisualStudioVersion = 17.1.32210.238
MinimumVisualStudioVersion = 10.0.40219.1
Project("{FAE04EC0-301F-11D3-BF4B-00C04F79EFBC}") = "PorudzbeniceAPI", "PorudzbeniceAPI\PorudzbeniceAPI.csproj", "{E6B6D968-65B2-4FDC-BFB3-6C9A6D22627F}"
EndProject
Global
	GlobalSection(SolutionConfigurationPlatforms) = preSolution
		Debug|Any CPU = Debug|Any CPU
		Release|Any CPU = Release|Any CPU
	EndGlobalSection
	GlobalSection(ProjectConfigurationPlatforms) = postSolution
		{E6B6D968-65B2-4FDC-BFB3-6C9A6D22627F}.Debug|Any CPU.ActiveCfg = Debug|Any CPU
		{E6B6D968-65B2-4FDC-BFB3-6C9A6D22627F}.Debug|Any CPU.Build.0 = Debug|Any CPU
		{E6B6D968-65B2-4FDC-BFB3-6C9A6D22627F}.Release|Any CPU.ActiveCfg = Release|Any CPU
		{E6B6D968-65B2-4FDC-BFB3-6C9A6D22627F}.Release|Any CPU.Build.0 = Release|Any CPU
	EndGlobalSection
	GlobalSection(SolutionProperties) = preSolution
		HideSolutionNode = FALSE
	EndGlobalSection
	GlobalSection(ExtensibilityGlobals) = postSolution
		SolutionGuid = {00B7086C-F0C2-4CC3-A162-4A65CD40E633}
	EndGlobalSection
EndGlobal
