
Microsoft Visual Studio Solution File, Format Version 12.00
# Visual Studio Version 17
VisualStudioVersion = 17.1.32210.238
MinimumVisualStudioVersion = 10.0.40219.1
Project("{FAE04EC0-301F-11D3-BF4B-00C04F79EFBC}") = "Igrannonica", "Igrannonica.csproj", "{5BEF3CA2-4595-457E-B259-A23D4383B67B}"
EndProject
Global
	GlobalSection(SolutionConfigurationPlatforms) = preSolution
		Debug|Any CPU = Debug|Any CPU
		Release|Any CPU = Release|Any CPU
	EndGlobalSection
	GlobalSection(ProjectConfigurationPlatforms) = postSolution
		{5BEF3CA2-4595-457E-B259-A23D4383B67B}.Debug|Any CPU.ActiveCfg = Debug|Any CPU
		{5BEF3CA2-4595-457E-B259-A23D4383B67B}.Debug|Any CPU.Build.0 = Debug|Any CPU
		{5BEF3CA2-4595-457E-B259-A23D4383B67B}.Release|Any CPU.ActiveCfg = Release|Any CPU
		{5BEF3CA2-4595-457E-B259-A23D4383B67B}.Release|Any CPU.Build.0 = Release|Any CPU
	EndGlobalSection
	GlobalSection(SolutionProperties) = preSolution
		HideSolutionNode = FALSE
	EndGlobalSection
	GlobalSection(ExtensibilityGlobals) = postSolution
		SolutionGuid = {1A5A68D4-9188-440A-9C71-EDB47B750C82}
	EndGlobalSection
EndGlobal
