
Microsoft Visual Studio Solution File, Format Version 12.00
# Visual Studio Version 16
VisualStudioVersion = 16.0.32126.315
MinimumVisualStudioVersion = 10.0.40219.1
Project("{FAE04EC0-301F-11D3-BF4B-00C04F79EFBC}") = "MiniApp", "MiniApp\MiniApp.csproj", "{72380225-2CAC-4120-A6B4-A66280A28CB5}"
EndProject
Global
	GlobalSection(SolutionConfigurationPlatforms) = preSolution
		Debug|Any CPU = Debug|Any CPU
		Release|Any CPU = Release|Any CPU
	EndGlobalSection
	GlobalSection(ProjectConfigurationPlatforms) = postSolution
		{72380225-2CAC-4120-A6B4-A66280A28CB5}.Debug|Any CPU.ActiveCfg = Debug|Any CPU
		{72380225-2CAC-4120-A6B4-A66280A28CB5}.Debug|Any CPU.Build.0 = Debug|Any CPU
		{72380225-2CAC-4120-A6B4-A66280A28CB5}.Release|Any CPU.ActiveCfg = Release|Any CPU
		{72380225-2CAC-4120-A6B4-A66280A28CB5}.Release|Any CPU.Build.0 = Release|Any CPU
	EndGlobalSection
	GlobalSection(SolutionProperties) = preSolution
		HideSolutionNode = FALSE
	EndGlobalSection
	GlobalSection(ExtensibilityGlobals) = postSolution
		SolutionGuid = {FC4E968C-2A62-41CF-8219-0230255FBE4C}
	EndGlobalSection
EndGlobal
